
Microsoft Visual Studio Solution File, Format Version 12.00
# Visual Studio Version 16
VisualStudioVersion = 16.0.29911.84
MinimumVisualStudioVersion = 10.0.40219.1
Project("{FAE04EC0-301F-11D3-BF4B-00C04F79EFBC}") = "EFCoreAdvanced", "EFCoreAdvanced\EFCoreAdvanced.csproj", "{38BA4D50-8590-4A51-B31D-6B9F8408121A}"
EndProject
Global
	GlobalSection(SolutionConfigurationPlatforms) = preSolution
		Debug|Any CPU = Debug|Any CPU
		Release|Any CPU = Release|Any CPU
	EndGlobalSection
	GlobalSection(ProjectConfigurationPlatforms) = postSolution
		{38BA4D50-8590-4A51-B31D-6B9F8408121A}.Debug|Any CPU.ActiveCfg = Debug|Any CPU
		{38BA4D50-8590-4A51-B31D-6B9F8408121A}.Debug|Any CPU.Build.0 = Debug|Any CPU
		{38BA4D50-8590-4A51-B31D-6B9F8408121A}.Release|Any CPU.ActiveCfg = Release|Any CPU
		{38BA4D50-8590-4A51-B31D-6B9F8408121A}.Release|Any CPU.Build.0 = Release|Any CPU
	EndGlobalSection
	GlobalSection(SolutionProperties) = preSolution
		HideSolutionNode = FALSE
	EndGlobalSection
	GlobalSection(ExtensibilityGlobals) = postSolution
		SolutionGuid = {29D58B48-D00C-4815-9F38-4B699A03A7F9}
	EndGlobalSection
EndGlobal
